// !$*UTF8*$!
{
	archiveVersion = 1;
	classes = {
	};
	objectVersion = 50;
	objects = {

/* Begin PBXBuildFile section */
		B8A9041021A601A10075BCE1 /* AppDelegate.swift in Sources */ = {isa = PBXBuildFile; fileRef = B8A9040F21A601A10075BCE1 /* AppDelegate.swift */; };
		B8A9041521A601A10075BCE1 /* Main.storyboard in Resources */ = {isa = PBXBuildFile; fileRef = B8A9041321A601A10075BCE1 /* Main.storyboard */; };
		B8A9041821A601A10075BCE1 /* tasks.xcdatamodeld in Sources */ = {isa = PBXBuildFile; fileRef = B8A9041621A601A10075BCE1 /* tasks.xcdatamodeld */; };
		B8A9041A21A601A20075BCE1 /* Assets.xcassets in Resources */ = {isa = PBXBuildFile; fileRef = B8A9041921A601A20075BCE1 /* Assets.xcassets */; };
		B8A9041D21A601A20075BCE1 /* LaunchScreen.storyboard in Resources */ = {isa = PBXBuildFile; fileRef = B8A9041B21A601A20075BCE1 /* LaunchScreen.storyboard */; };
		B8A9042521A691150075BCE1 /* TaskModel.swift in Sources */ = {isa = PBXBuildFile; fileRef = B8A9042421A691150075BCE1 /* TaskModel.swift */; };
		B8A9042721A691200075BCE1 /* CategoryModel.swift in Sources */ = {isa = PBXBuildFile; fileRef = B8A9042621A691200075BCE1 /* CategoryModel.swift */; };
		B8A9042A21A697040075BCE1 /* CategoriesVC.swift in Sources */ = {isa = PBXBuildFile; fileRef = B8A9042921A697040075BCE1 /* CategoriesVC.swift */; };
		B8A9042D21A697320075BCE1 /* TasksVC.swift in Sources */ = {isa = PBXBuildFile; fileRef = B8A9042C21A697320075BCE1 /* TasksVC.swift */; };
		B8A9042F21A697450075BCE1 /* SettingsVC.swift in Sources */ = {isa = PBXBuildFile; fileRef = B8A9042E21A697450075BCE1 /* SettingsVC.swift */; };
		B8A9043321A69F4F0075BCE1 /* AddCategoryVC.swift in Sources */ = {isa = PBXBuildFile; fileRef = B8A9043221A69F4F0075BCE1 /* AddCategoryVC.swift */; };
		B8A9043521A780740075BCE1 /* TextFieldExtensions.swift in Sources */ = {isa = PBXBuildFile; fileRef = B8A9043421A780740075BCE1 /* TextFieldExtensions.swift */; };
		B8A9043821A7838D0075BCE1 /* AddTaskVC.swift in Sources */ = {isa = PBXBuildFile; fileRef = B8A9043721A7838D0075BCE1 /* AddTaskVC.swift */; };
/* End PBXBuildFile section */

/* Begin PBXFileReference section */
		B8A9040C21A601A10075BCE1 /* tasks.app */ = {isa = PBXFileReference; explicitFileType = wrapper.application; includeInIndex = 0; path = tasks.app; sourceTree = BUILT_PRODUCTS_DIR; };
		B8A9040F21A601A10075BCE1 /* AppDelegate.swift */ = {isa = PBXFileReference; lastKnownFileType = sourcecode.swift; path = AppDelegate.swift; sourceTree = "<group>"; };
		B8A9041421A601A10075BCE1 /* Base */ = {isa = PBXFileReference; lastKnownFileType = file.storyboard; name = Base; path = Base.lproj/Main.storyboard; sourceTree = "<group>"; };
		B8A9041721A601A10075BCE1 /* tasks.xcdatamodel */ = {isa = PBXFileReference; lastKnownFileType = wrapper.xcdatamodel; path = tasks.xcdatamodel; sourceTree = "<group>"; };
		B8A9041921A601A20075BCE1 /* Assets.xcassets */ = {isa = PBXFileReference; lastKnownFileType = folder.assetcatalog; path = Assets.xcassets; sourceTree = "<group>"; };
		B8A9041C21A601A20075BCE1 /* Base */ = {isa = PBXFileReference; lastKnownFileType = file.storyboard; name = Base; path = Base.lproj/LaunchScreen.storyboard; sourceTree = "<group>"; };
		B8A9041E21A601A20075BCE1 /* Info.plist */ = {isa = PBXFileReference; lastKnownFileType = text.plist.xml; path = Info.plist; sourceTree = "<group>"; };
		B8A9042421A691150075BCE1 /* TaskModel.swift */ = {isa = PBXFileReference; lastKnownFileType = sourcecode.swift; path = TaskModel.swift; sourceTree = "<group>"; };
		B8A9042621A691200075BCE1 /* CategoryModel.swift */ = {isa = PBXFileReference; lastKnownFileType = sourcecode.swift; path = CategoryModel.swift; sourceTree = "<group>"; };
		B8A9042921A697040075BCE1 /* CategoriesVC.swift */ = {isa = PBXFileReference; lastKnownFileType = sourcecode.swift; path = CategoriesVC.swift; sourceTree = "<group>"; };
		B8A9042C21A697320075BCE1 /* TasksVC.swift */ = {isa = PBXFileReference; lastKnownFileType = sourcecode.swift; path = TasksVC.swift; sourceTree = "<group>"; };
		B8A9042E21A697450075BCE1 /* SettingsVC.swift */ = {isa = PBXFileReference; lastKnownFileType = sourcecode.swift; path = SettingsVC.swift; sourceTree = "<group>"; };
		B8A9043221A69F4F0075BCE1 /* AddCategoryVC.swift */ = {isa = PBXFileReference; lastKnownFileType = sourcecode.swift; path = AddCategoryVC.swift; sourceTree = "<group>"; };
		B8A9043421A780740075BCE1 /* TextFieldExtensions.swift */ = {isa = PBXFileReference; lastKnownFileType = sourcecode.swift; path = TextFieldExtensions.swift; sourceTree = "<group>"; };
		B8A9043721A7838D0075BCE1 /* AddTaskVC.swift */ = {isa = PBXFileReference; lastKnownFileType = sourcecode.swift; path = AddTaskVC.swift; sourceTree = "<group>"; };
/* End PBXFileReference section */

/* Begin PBXFrameworksBuildPhase section */
		B8A9040921A601A10075BCE1 /* Frameworks */ = {
			isa = PBXFrameworksBuildPhase;
			buildActionMask = 2147483647;
			files = (
			);
			runOnlyForDeploymentPostprocessing = 0;
		};
/* End PBXFrameworksBuildPhase section */

/* Begin PBXGroup section */
		B8A9040321A601A10075BCE1 = {
			isa = PBXGroup;
			children = (
				B8A9040E21A601A10075BCE1 /* tasks */,
				B8A9040D21A601A10075BCE1 /* Products */,
			);
			sourceTree = "<group>";
		};
		B8A9040D21A601A10075BCE1 /* Products */ = {
			isa = PBXGroup;
			children = (
				B8A9040C21A601A10075BCE1 /* tasks.app */,
			);
			name = Products;
			sourceTree = "<group>";
		};
		B8A9040E21A601A10075BCE1 /* tasks */ = {
			isa = PBXGroup;
			children = (
				B8A9043621A780900075BCE1 /* Extensions */,
				B8A9042821A6912D0075BCE1 /* Models */,
				B8A9042B21A6970B0075BCE1 /* Controllers */,
				B8A9040F21A601A10075BCE1 /* AppDelegate.swift */,
				B8A9041321A601A10075BCE1 /* Main.storyboard */,
				B8A9041921A601A20075BCE1 /* Assets.xcassets */,
				B8A9041B21A601A20075BCE1 /* LaunchScreen.storyboard */,
				B8A9041E21A601A20075BCE1 /* Info.plist */,
				B8A9041621A601A10075BCE1 /* tasks.xcdatamodeld */,
			);
			path = tasks;
			sourceTree = "<group>";
		};
		B8A9042821A6912D0075BCE1 /* Models */ = {
			isa = PBXGroup;
			children = (
				B8A9042421A691150075BCE1 /* TaskModel.swift */,
				B8A9042621A691200075BCE1 /* CategoryModel.swift */,
			);
			path = Models;
			sourceTree = "<group>";
		};
		B8A9042B21A6970B0075BCE1 /* Controllers */ = {
			isa = PBXGroup;
			children = (
				B8A9042C21A697320075BCE1 /* TasksVC.swift */,
				B8A9043721A7838D0075BCE1 /* AddTaskVC.swift */,
				B8A9042921A697040075BCE1 /* CategoriesVC.swift */,
				B8A9043221A69F4F0075BCE1 /* AddCategoryVC.swift */,
				B8A9042E21A697450075BCE1 /* SettingsVC.swift */,
			);
			path = Controllers;
			sourceTree = "<group>";
		};
		B8A9043621A780900075BCE1 /* Extensions */ = {
			isa = PBXGroup;
			children = (
				B8A9043421A780740075BCE1 /* TextFieldExtensions.swift */,
			);
			path = Extensions;
			sourceTree = "<group>";
		};
/* End PBXGroup section */

/* Begin PBXNativeTarget section */
		B8A9040B21A601A10075BCE1 /* tasks */ = {
			isa = PBXNativeTarget;
			buildConfigurationList = B8A9042121A601A20075BCE1 /* Build configuration list for PBXNativeTarget "tasks" */;
			buildPhases = (
				B8A9040821A601A10075BCE1 /* Sources */,
				B8A9040921A601A10075BCE1 /* Frameworks */,
				B8A9040A21A601A10075BCE1 /* Resources */,
			);
			buildRules = (
			);
			dependencies = (
			);
			name = tasks;
			productName = tasks;
			productReference = B8A9040C21A601A10075BCE1 /* tasks.app */;
			productType = "com.apple.product-type.application";
		};
/* End PBXNativeTarget section */

/* Begin PBXProject section */
		B8A9040421A601A10075BCE1 /* Project object */ = {
			isa = PBXProject;
			attributes = {
				LastSwiftUpdateCheck = 1010;
				LastUpgradeCheck = 1010;
				ORGANIZATIONNAME = "Andy Gandara";
				TargetAttributes = {
					B8A9040B21A601A10075BCE1 = {
						CreatedOnToolsVersion = 10.1;
					};
				};
			};
			buildConfigurationList = B8A9040721A601A10075BCE1 /* Build configuration list for PBXProject "tasks" */;
			compatibilityVersion = "Xcode 9.3";
			developmentRegion = en;
			hasScannedForEncodings = 0;
			knownRegions = (
				en,
				Base,
			);
			mainGroup = B8A9040321A601A10075BCE1;
			productRefGroup = B8A9040D21A601A10075BCE1 /* Products */;
			projectDirPath = "";
			projectRoot = "";
			targets = (
				B8A9040B21A601A10075BCE1 /* tasks */,
			);
		};
/* End PBXProject section */

/* Begin PBXResourcesBuildPhase section */
		B8A9040A21A601A10075BCE1 /* Resources */ = {
			isa = PBXResourcesBuildPhase;
			buildActionMask = 2147483647;
			files = (
				B8A9041D21A601A20075BCE1 /* LaunchScreen.storyboard in Resources */,
				B8A9041A21A601A20075BCE1 /* Assets.xcassets in Resources */,
				B8A9041521A601A10075BCE1 /* Main.storyboard in Resources */,
			);
			runOnlyForDeploymentPostprocessing = 0;
		};
/* End PBXResourcesBuildPhase section */

/* Begin PBXSourcesBuildPhase section */
		B8A9040821A601A10075BCE1 /* Sources */ = {
			isa = PBXSourcesBuildPhase;
			buildActionMask = 2147483647;
			files = (
				B8A9042A21A697040075BCE1 /* CategoriesVC.swift in Sources */,
				B8A9041021A601A10075BCE1 /* AppDelegate.swift in Sources */,
				B8A9042521A691150075BCE1 /* TaskModel.swift in Sources */,
				B8A9042721A691200075BCE1 /* CategoryModel.swift in Sources */,
				B8A9041821A601A10075BCE1 /* tasks.xcdatamodeld in Sources */,
				B8A9042D21A697320075BCE1 /* TasksVC.swift in Sources */,
				B8A9043321A69F4F0075BCE1 /* AddCategoryVC.swift in Sources */,
				B8A9043821A7838D0075BCE1 /* AddTaskVC.swift in Sources */,
				B8A9043521A780740075BCE1 /* TextFieldExtensions.swift in Sources */,
				B8A9042F21A697450075BCE1 /* SettingsVC.swift in Sources */,
			);
			runOnlyForDeploymentPostprocessing = 0;
		};
/* End PBXSourcesBuildPhase section */

/* Begin PBXVariantGroup section */
		B8A9041321A601A10075BCE1 /* Main.storyboard */ = {
			isa = PBXVariantGroup;
			children = (
				B8A9041421A601A10075BCE1 /* Base */,
			);
			name = Main.storyboard;
			sourceTree = "<group>";
		};
		B8A9041B21A601A20075BCE1 /* LaunchScreen.storyboard */ = {
			isa = PBXVariantGroup;
			children = (
				B8A9041C21A601A20075BCE1 /* Base */,
			);
			name = LaunchScreen.storyboard;
			sourceTree = "<group>";
		};
/* End PBXVariantGroup section */

/* Begin XCBuildConfiguration section */
		B8A9041F21A601A20075BCE1 /* Debug */ = {
			isa = XCBuildConfiguration;
			buildSettings = {
				ALWAYS_SEARCH_USER_PATHS = NO;
				CLANG_ANALYZER_NONNULL = YES;
				CLANG_ANALYZER_NUMBER_OBJECT_CONVERSION = YES_AGGRESSIVE;
				CLANG_CXX_LANGUAGE_STANDARD = "gnu++14";
				CLANG_CXX_LIBRARY = "libc++";
				CLANG_ENABLE_MODULES = YES;
				CLANG_ENABLE_OBJC_ARC = YES;
				CLANG_ENABLE_OBJC_WEAK = YES;
				CLANG_WARN_BLOCK_CAPTURE_AUTORELEASING = YES;
				CLANG_WARN_BOOL_CONVERSION = YES;
				CLANG_WARN_COMMA = YES;
				CLANG_WARN_CONSTANT_CONVERSION = YES;
				CLANG_WARN_DEPRECATED_OBJC_IMPLEMENTATIONS = YES;
				CLANG_WARN_DIRECT_OBJC_ISA_USAGE = YES_ERROR;
				CLANG_WARN_DOCUMENTATION_COMMENTS = YES;
				CLANG_WARN_EMPTY_BODY = YES;
				CLANG_WARN_ENUM_CONVERSION = YES;
				CLANG_WARN_INFINITE_RECURSION = YES;
				CLANG_WARN_INT_CONVERSION = YES;
				CLANG_WARN_NON_LITERAL_NULL_CONVERSION = YES;
				CLANG_WARN_OBJC_IMPLICIT_RETAIN_SELF = YES;
				CLANG_WARN_OBJC_LITERAL_CONVERSION = YES;
				CLANG_WARN_OBJC_ROOT_CLASS = YES_ERROR;
				CLANG_WARN_RANGE_LOOP_ANALYSIS = YES;
				CLANG_WARN_STRICT_PROTOTYPES = YES;
				CLANG_WARN_SUSPICIOUS_MOVE = YES;
				CLANG_WARN_UNGUARDED_AVAILABILITY = YES_AGGRESSIVE;
				CLANG_WARN_UNREACHABLE_CODE = YES;
				CLANG_WARN__DUPLICATE_METHOD_MATCH = YES;
				CODE_SIGN_IDENTITY = "iPhone Developer";
				COPY_PHASE_STRIP = NO;
				DEBUG_INFORMATION_FORMAT = dwarf;
				ENABLE_STRICT_OBJC_MSGSEND = YES;
				ENABLE_TESTABILITY = YES;
				GCC_C_LANGUAGE_STANDARD = gnu11;
				GCC_DYNAMIC_NO_PIC = NO;
				GCC_NO_COMMON_BLOCKS = YES;
				GCC_OPTIMIZATION_LEVEL = 0;
				GCC_PREPROCESSOR_DEFINITIONS = (
					"DEBUG=1",
					"$(inherited)",
				);
				GCC_WARN_64_TO_32_BIT_CONVERSION = YES;
				GCC_WARN_ABOUT_RETURN_TYPE = YES_ERROR;
				GCC_WARN_UNDECLARED_SELECTOR = YES;
				GCC_WARN_UNINITIALIZED_AUTOS = YES_AGGRESSIVE;
				GCC_WARN_UNUSED_FUNCTION = YES;
				GCC_WARN_UNUSED_VARIABLE = YES;
				IPHONEOS_DEPLOYMENT_TARGET = 12.1;
				MTL_ENABLE_DEBUG_INFO = INCLUDE_SOURCE;
				MTL_FAST_MATH = YES;
				ONLY_ACTIVE_ARCH = YES;
				SDKROOT = iphoneos;
				SWIFT_ACTIVE_COMPILATION_CONDITIONS = DEBUG;
				SWIFT_OPTIMIZATION_LEVEL = "-Onone";
			};
			name = Debug;
		};
		B8A9042021A601A20075BCE1 /* Release */ = {
			isa = XCBuildConfiguration;
			buildSettings = {
				ALWAYS_SEARCH_USER_PATHS = NO;
				CLANG_ANALYZER_NONNULL = YES;
				CLANG_ANALYZER_NUMBER_OBJECT_CONVERSION = YES_AGGRESSIVE;
				CLANG_CXX_LANGUAGE_STANDARD = "gnu++14";
				CLANG_CXX_LIBRARY = "libc++";
				CLANG_ENABLE_MODULES = YES;
				CLANG_ENABLE_OBJC_ARC = YES;
				CLANG_ENABLE_OBJC_WEAK = YES;
				CLANG_WARN_BLOCK_CAPTURE_AUTORELEASING = YES;
				CLANG_WARN_BOOL_CONVERSION = YES;
				CLANG_WARN_COMMA = YES;
				CLANG_WARN_CONSTANT_CONVERSION = YES;
				CLANG_WARN_DEPRECATED_OBJC_IMPLEMENTATIONS = YES;
				CLANG_WARN_DIRECT_OBJC_ISA_USAGE = YES_ERROR;
				CLANG_WARN_DOCUMENTATION_COMMENTS = YES;
				CLANG_WARN_EMPTY_BODY = YES;
				CLANG_WARN_ENUM_CONVERSION = YES;
				CLANG_WARN_INFINITE_RECURSION = YES;
				CLANG_WARN_INT_CONVERSION = YES;
				CLANG_WARN_NON_LITERAL_NULL_CONVERSION = YES;
				CLANG_WARN_OBJC_IMPLICIT_RETAIN_SELF = YES;
				CLANG_WARN_OBJC_LITERAL_CONVERSION = YES;
				CLANG_WARN_OBJC_ROOT_CLASS = YES_ERROR;
				CLANG_WARN_RANGE_LOOP_ANALYSIS = YES;
				CLANG_WARN_STRICT_PROTOTYPES = YES;
				CLANG_WARN_SUSPICIOUS_MOVE = YES;
				CLANG_WARN_UNGUARDED_AVAILABILITY = YES_AGGRESSIVE;
				CLANG_WARN_UNREACHABLE_CODE = YES;
				CLANG_WARN__DUPLICATE_METHOD_MATCH = YES;
				CODE_SIGN_IDENTITY = "iPhone Developer";
				COPY_PHASE_STRIP = NO;
				DEBUG_INFORMATION_FORMAT = "dwarf-with-dsym";
				ENABLE_NS_ASSERTIONS = NO;
				ENABLE_STRICT_OBJC_MSGSEND = YES;
				GCC_C_LANGUAGE_STANDARD = gnu11;
				GCC_NO_COMMON_BLOCKS = YES;
				GCC_WARN_64_TO_32_BIT_CONVERSION = YES;
				GCC_WARN_ABOUT_RETURN_TYPE = YES_ERROR;
				GCC_WARN_UNDECLARED_SELECTOR = YES;
				GCC_WARN_UNINITIALIZED_AUTOS = YES_AGGRESSIVE;
				GCC_WARN_UNUSED_FUNCTION = YES;
				GCC_WARN_UNUSED_VARIABLE = YES;
				IPHONEOS_DEPLOYMENT_TARGET = 12.1;
				MTL_ENABLE_DEBUG_INFO = NO;
				MTL_FAST_MATH = YES;
				SDKROOT = iphoneos;
				SWIFT_COMPILATION_MODE = wholemodule;
				SWIFT_OPTIMIZATION_LEVEL = "-O";
				VALIDATE_PRODUCT = YES;
			};
			name = Release;
		};
		B8A9042221A601A20075BCE1 /* Debug */ = {
			isa = XCBuildConfiguration;
			buildSettings = {
				ASSETCATALOG_COMPILER_APPICON_NAME = AppIcon;
				CODE_SIGN_STYLE = Automatic;
				DEVELOPMENT_TEAM = LTPP3D6J7U;
				INFOPLIST_FILE = tasks/Info.plist;
				LD_RUNPATH_SEARCH_PATHS = (
					"$(inherited)",
					"@executable_path/Frameworks",
				);
				PRODUCT_BUNDLE_IDENTIFIER = "Andy-Gandara.tasks";
				PRODUCT_NAME = "$(TARGET_NAME)";
				SWIFT_VERSION = 4.2;
				TARGETED_DEVICE_FAMILY = "1,2";
			};
			name = Debug;
		};
		B8A9042321A601A20075BCE1 /* Release */ = {
			isa = XCBuildConfiguration;
			buildSettings = {
				ASSETCATALOG_COMPILER_APPICON_NAME = AppIcon;
				CODE_SIGN_STYLE = Automatic;
				DEVELOPMENT_TEAM = LTPP3D6J7U;
				INFOPLIST_FILE = tasks/Info.plist;
				LD_RUNPATH_SEARCH_PATHS = (
					"$(inherited)",
					"@executable_path/Frameworks",
				);
				PRODUCT_BUNDLE_IDENTIFIER = "Andy-Gandara.tasks";
				PRODUCT_NAME = "$(TARGET_NAME)";
				SWIFT_VERSION = 4.2;
				TARGETED_DEVICE_FAMILY = "1,2";
			};
			name = Release;
		};
/* End XCBuildConfiguration section */

/* Begin XCConfigurationList section */
		B8A9040721A601A10075BCE1 /* Build configuration list for PBXProject "tasks" */ = {
			isa = XCConfigurationList;
			buildConfigurations = (
				B8A9041F21A601A20075BCE1 /* Debug */,
				B8A9042021A601A20075BCE1 /* Release */,
			);
			defaultConfigurationIsVisible = 0;
			defaultConfigurationName = Release;
		};
		B8A9042121A601A20075BCE1 /* Build configuration list for PBXNativeTarget "tasks" */ = {
			isa = XCConfigurationList;
			buildConfigurations = (
				B8A9042221A601A20075BCE1 /* Debug */,
				B8A9042321A601A20075BCE1 /* Release */,
			);
			defaultConfigurationIsVisible = 0;
			defaultConfigurationName = Release;
		};
/* End XCConfigurationList section */

/* Begin XCVersionGroup section */
		B8A9041621A601A10075BCE1 /* tasks.xcdatamodeld */ = {
			isa = XCVersionGroup;
			children = (
				B8A9041721A601A10075BCE1 /* tasks.xcdatamodel */,
			);
			currentVersion = B8A9041721A601A10075BCE1 /* tasks.xcdatamodel */;
			path = tasks.xcdatamodeld;
			sourceTree = "<group>";
			versionGroupType = wrapper.xcdatamodel;
		};
/* End XCVersionGroup section */
	};
	rootObject = B8A9040421A601A10075BCE1 /* Project object */;
}
